PODS:
  - SKPodFrameworkOne (1.1.2)

DEPENDENCIES:
  - SKPodFrameworkOne (from `../SKPodFrameworkOne`)

EXTERNAL SOURCES:
  SKPodFrameworkOne:
    :path: "../SKPodFrameworkOne"

SPEC CHECKSUMS:
  SKPodFrameworkOne: c6ba69176fa181377d27b32611ffaf95e6aeb5b5

PODFILE CHECKSUM: fb677055672ba5cf98a1bd1532d3fd81deffc4b7

COCOAPODS: 1.5.0
