PODS:
  - SKPodFrameworkOne (1.1.3)

DEPENDENCIES:
  - SKPodFrameworkOne (from `../SKPodFrameworkOne`)

EXTERNAL SOURCES:
  SKPodFrameworkOne:
    :path: "../SKPodFrameworkOne"

SPEC CHECKSUMS:
  SKPodFrameworkOne: ed92dd60c3314387fd5ac2af63cc07a4d053f885

PODFILE CHECKSUM: fb677055672ba5cf98a1bd1532d3fd81deffc4b7

COCOAPODS: 1.5.0
